PODS:
  - boost (1.76.0)
  - DoubleConversion (1.1.6)
  - EXApplication (5.2.0):
    - ExpoModulesCore
  - EXAV (13.3.0):
    - ExpoModulesCore
    - ReactCommon/turbomodule/core
  - EXCamera (13.3.0):
    - ExpoModulesCore
  - EXConstants (14.3.0):
    - ExpoModulesCore
  - EXFileSystem (15.3.0):
    - ExpoModulesCore
  - EXFont (11.2.0):
    - ExpoModulesCore
  - Expo (49.0.0-alpha.3):
    - ExpoModulesCore
  - ExpoAppleAuthentication (6.1.0):
    - ExpoModulesCore
  - ExpoBlur (12.3.1):
    - ExpoModulesCore
  - ExpoImage (1.2.3):
    - ExpoModulesCore
    - SDWebImage (~> 5.15.0)
    - SDWebImageAVIFCoder (~> 0.10.0)
    - SDWebImageSVGCoder (~> 1.6.1)
    - SDWebImageWebPCoder (~> 0.9.1)
  - ExpoKeepAwake (12.1.0):
    - ExpoModulesCore
  - ExpoLinearGradient (12.2.0):
    - ExpoModulesCore
  - ExpoModulesCore (1.3.2):
    - RCT-Folly (= 2021.07.22.00)
    - React-Core
    - React-NativeModulesApple
    - React-RCTAppDelegate
    - ReactCommon/turbomodule/core
  - EXSplashScreen (0.19.0):
    - ExpoModulesCore
    - RCT-Folly (= 2021.07.22.00)
    - React-Core
  - FBLazyVector (0.72.0-rc.3)
  - FBReactNativeSpec (0.72.0-rc.3):
    - RCT-Folly (= 2021.07.22.00)
    - RCTRequired (= 0.72.0-rc.3)
    - RCTTypeSafety (= 0.72.0-rc.3)
    - React-Core (= 0.72.0-rc.3)
    - React-jsi (= 0.72.0-rc.3)
    - ReactCommon/turbomodule/core (= 0.72.0-rc.3)
  - fmt (6.2.1)
  - glog (0.3.5)
  - hermes-engine (0.72.0-rc.3):
    - hermes-engine/Pre-built (= 0.72.0-rc.3)
  - hermes-engine/Pre-built (0.72.0-rc.3)
  - libaom (3.0.0):
    - libvmaf (>= 2.2.0)
  - libavif (0.11.1):
    - libavif/libaom (= 0.11.1)
  - libavif/core (0.11.1)
  - libavif/libaom (0.11.1):
    - libaom (>= 2.0.0)
    - libavif/core
  - libevent (2.1.12)
  - libvmaf (2.3.1)
  - libwebp (1.2.4):
    - libwebp/demux (= 1.2.4)
    - libwebp/mux (= 1.2.4)
    - libwebp/webp (= 1.2.4)
  - libwebp/demux (1.2.4):
    - libwebp/webp
  - libwebp/mux (1.2.4):
    - libwebp/demux
  - libwebp/webp (1.2.4)
  - RCT-Folly (2021.07.22.00):
    - boost
    - DoubleConversion
    - fmt (~> 6.2.1)
    - glog
    - RCT-Folly/Default (= 2021.07.22.00)
  - RCT-Folly/Default (2021.07.22.00):
    - boost
    - DoubleConversion
    - fmt (~> 6.2.1)
    - glog
  - RCT-Folly/Futures (2021.07.22.00):
    - boost
    - DoubleConversion
    - fmt (~> 6.2.1)
    - glog
    - libevent
  - RCTRequired (0.72.0-rc.3)
  - RCTTypeSafety (0.72.0-rc.3):
    - FBLazyVector (= 0.72.0-rc.3)
    - RCTRequired (= 0.72.0-rc.3)
    - React-Core (= 0.72.0-rc.3)
  - React (0.72.0-rc.3):
    - React-Core (= 0.72.0-rc.3)
    - React-Core/DevSupport (= 0.72.0-rc.3)
    - React-Core/RCTWebSocket (= 0.72.0-rc.3)
    - React-RCTActionSheet (= 0.72.0-rc.3)
    - React-RCTAnimation (= 0.72.0-rc.3)
    - React-RCTBlob (= 0.72.0-rc.3)
    - React-RCTImage (= 0.72.0-rc.3)
    - React-RCTLinking (= 0.72.0-rc.3)
    - React-RCTNetwork (= 0.72.0-rc.3)
    - React-RCTSettings (= 0.72.0-rc.3)
    - React-RCTText (= 0.72.0-rc.3)
    - React-RCTVibration (= 0.72.0-rc.3)
  - React-callinvoker (0.72.0-rc.3)
  - React-Codegen (0.72.0-rc.3):
    - FBReactNativeSpec
    - hermes-engine
    - RCT-Folly
    - RCTRequired
    - RCTTypeSafety
    - React-Core
    - React-jsi
    - React-jsiexecutor
    - React-NativeModulesApple
    - React-rncore
    - ReactCommon/turbomodule/bridging
    - ReactCommon/turbomodule/core
  - React-Core (0.72.0-rc.3):
    - glog
    - hermes-engine
    - RCT-Folly (= 2021.07.22.00)
    - React-Core/Default (= 0.72.0-rc.3)
    - React-cxxreact (= 0.72.0-rc.3)
    - React-hermes
    - React-jsi (= 0.72.0-rc.3)
    - React-jsiexecutor (= 0.72.0-rc.3)
    - React-perflogger (= 0.72.0-rc.3)
    - SocketRocket (= 0.6.0)
    - Yoga
  - React-Core/CoreModulesHeaders (0.72.0-rc.3):
    - glog
    - hermes-engine
    - RCT-Folly (= 2021.07.22.00)
    - React-Core/Default
    - React-cxxreact (= 0.72.0-rc.3)
    - React-hermes
    - React-jsi (= 0.72.0-rc.3)
    - React-jsiexecutor (= 0.72.0-rc.3)
    - React-perflogger (= 0.72.0-rc.3)
    - SocketRocket (= 0.6.0)
    - Yoga
  - React-Core/Default (0.72.0-rc.3):
    - glog
    - hermes-engine
    - RCT-Folly (= 2021.07.22.00)
    - React-cxxreact (= 0.72.0-rc.3)
    - React-hermes
    - React-jsi (= 0.72.0-rc.3)
    - React-jsiexecutor (= 0.72.0-rc.3)
    - React-perflogger (= 0.72.0-rc.3)
    - SocketRocket (= 0.6.0)
    - Yoga
  - React-Core/DevSupport (0.72.0-rc.3):
    - glog
    - hermes-engine
    - RCT-Folly (= 2021.07.22.00)
    - React-Core/Default (= 0.72.0-rc.3)
    - React-Core/RCTWebSocket (= 0.72.0-rc.3)
    - React-cxxreact (= 0.72.0-rc.3)
    - React-hermes
    - React-jsi (= 0.72.0-rc.3)
    - React-jsiexecutor (= 0.72.0-rc.3)
    - React-jsinspector (= 0.72.0-rc.3)
    - React-perflogger (= 0.72.0-rc.3)
    - SocketRocket (= 0.6.0)
    - Yoga
  - React-Core/RCTActionSheetHeaders (0.72.0-rc.3):
    - glog
    - hermes-engine
    - RCT-Folly (= 2021.07.22.00)
    - React-Core/Default
    - React-cxxreact (= 0.72.0-rc.3)
    - React-hermes
    - React-jsi (= 0.72.0-rc.3)
    - React-jsiexecutor (= 0.72.0-rc.3)
    - React-perflogger (= 0.72.0-rc.3)
    - SocketRocket (= 0.6.0)
    - Yoga
  - React-Core/RCTAnimationHeaders (0.72.0-rc.3):
    - glog
    - hermes-engine
    - RCT-Folly (= 2021.07.22.00)
    - React-Core/Default
    - React-cxxreact (= 0.72.0-rc.3)
    - React-hermes
    - React-jsi (= 0.72.0-rc.3)
    - React-jsiexecutor (= 0.72.0-rc.3)
    - React-perflogger (= 0.72.0-rc.3)
    - SocketRocket (= 0.6.0)
    - Yoga
  - React-Core/RCTBlobHeaders (0.72.0-rc.3):
    - glog
    - hermes-engine
    - RCT-Folly (= 2021.07.22.00)
    - React-Core/Default
    - React-cxxreact (= 0.72.0-rc.3)
    - React-hermes
    - React-jsi (= 0.72.0-rc.3)
    - React-jsiexecutor (= 0.72.0-rc.3)
    - React-perflogger (= 0.72.0-rc.3)
    - SocketRocket (= 0.6.0)
    - Yoga
  - React-Core/RCTImageHeaders (0.72.0-rc.3):
    - glog
    - hermes-engine
    - RCT-Folly (= 2021.07.22.00)
    - React-Core/Default
    - React-cxxreact (= 0.72.0-rc.3)
    - React-hermes
    - React-jsi (= 0.72.0-rc.3)
    - React-jsiexecutor (= 0.72.0-rc.3)
    - React-perflogger (= 0.72.0-rc.3)
    - SocketRocket (= 0.6.0)
    - Yoga
  - React-Core/RCTLinkingHeaders (0.72.0-rc.3):
    - glog
    - hermes-engine
    - RCT-Folly (= 2021.07.22.00)
    - React-Core/Default
    - React-cxxreact (= 0.72.0-rc.3)
    - React-hermes
    - React-jsi (= 0.72.0-rc.3)
    - React-jsiexecutor (= 0.72.0-rc.3)
    - React-perflogger (= 0.72.0-rc.3)
    - SocketRocket (= 0.6.0)
    - Yoga
  - React-Core/RCTNetworkHeaders (0.72.0-rc.3):
    - glog
    - hermes-engine
    - RCT-Folly (= 2021.07.22.00)
    - React-Core/Default
    - React-cxxreact (= 0.72.0-rc.3)
    - React-hermes
    - React-jsi (= 0.72.0-rc.3)
    - React-jsiexecutor (= 0.72.0-rc.3)
    - React-perflogger (= 0.72.0-rc.3)
    - SocketRocket (= 0.6.0)
    - Yoga
  - React-Core/RCTSettingsHeaders (0.72.0-rc.3):
    - glog
    - hermes-engine
    - RCT-Folly (= 2021.07.22.00)
    - React-Core/Default
    - React-cxxreact (= 0.72.0-rc.3)
    - React-hermes
    - React-jsi (= 0.72.0-rc.3)
    - React-jsiexecutor (= 0.72.0-rc.3)
    - React-perflogger (= 0.72.0-rc.3)
    - SocketRocket (= 0.6.0)
    - Yoga
  - React-Core/RCTTextHeaders (0.72.0-rc.3):
    - glog
    - hermes-engine
    - RCT-Folly (= 2021.07.22.00)
    - React-Core/Default
    - React-cxxreact (= 0.72.0-rc.3)
    - React-hermes
    - React-jsi (= 0.72.0-rc.3)
    - React-jsiexecutor (= 0.72.0-rc.3)
    - React-perflogger (= 0.72.0-rc.3)
    - SocketRocket (= 0.6.0)
    - Yoga
  - React-Core/RCTVibrationHeaders (0.72.0-rc.3):
    - glog
    - hermes-engine
    - RCT-Folly (= 2021.07.22.00)
    - React-Core/Default
    - React-cxxreact (= 0.72.0-rc.3)
    - React-hermes
    - React-jsi (= 0.72.0-rc.3)
    - React-jsiexecutor (= 0.72.0-rc.3)
    - React-perflogger (= 0.72.0-rc.3)
    - SocketRocket (= 0.6.0)
    - Yoga
  - React-Core/RCTWebSocket (0.72.0-rc.3):
    - glog
    - hermes-engine
    - RCT-Folly (= 2021.07.22.00)
    - React-Core/Default (= 0.72.0-rc.3)
    - React-cxxreact (= 0.72.0-rc.3)
    - React-hermes
    - React-jsi (= 0.72.0-rc.3)
    - React-jsiexecutor (= 0.72.0-rc.3)
    - React-perflogger (= 0.72.0-rc.3)
    - SocketRocket (= 0.6.0)
    - Yoga
  - React-CoreModules (0.72.0-rc.3):
    - RCT-Folly (= 2021.07.22.00)
    - RCTTypeSafety (= 0.72.0-rc.3)
    - React-Codegen (= 0.72.0-rc.3)
    - React-Core/CoreModulesHeaders (= 0.72.0-rc.3)
    - React-jsi (= 0.72.0-rc.3)
    - React-RCTBlob
    - React-RCTImage (= 0.72.0-rc.3)
    - ReactCommon/turbomodule/core (= 0.72.0-rc.3)
    - SocketRocket (= 0.6.0)
  - React-cxxreact (0.72.0-rc.3):
    - boost (= 1.76.0)
    - DoubleConversion
    - glog
    - hermes-engine
    - RCT-Folly (= 2021.07.22.00)
    - React-callinvoker (= 0.72.0-rc.3)
    - React-jsi (= 0.72.0-rc.3)
    - React-jsinspector (= 0.72.0-rc.3)
    - React-logger (= 0.72.0-rc.3)
    - React-perflogger (= 0.72.0-rc.3)
    - React-runtimeexecutor (= 0.72.0-rc.3)
  - React-hermes (0.72.0-rc.3):
    - DoubleConversion
    - glog
    - hermes-engine
    - RCT-Folly (= 2021.07.22.00)
    - RCT-Folly/Futures (= 2021.07.22.00)
    - React-cxxreact (= 0.72.0-rc.3)
    - React-jsi
    - React-jsiexecutor (= 0.72.0-rc.3)
    - React-jsinspector (= 0.72.0-rc.3)
    - React-perflogger (= 0.72.0-rc.3)
  - React-jsi (0.72.0-rc.3):
    - boost (= 1.76.0)
    - DoubleConversion
    - glog
    - hermes-engine
    - RCT-Folly (= 2021.07.22.00)
  - React-jsiexecutor (0.72.0-rc.3):
    - DoubleConversion
    - glog
    - hermes-engine
    - RCT-Folly (= 2021.07.22.00)
    - React-cxxreact (= 0.72.0-rc.3)
    - React-jsi (= 0.72.0-rc.3)
    - React-perflogger (= 0.72.0-rc.3)
  - React-jsinspector (0.72.0-rc.3)
  - React-logger (0.72.0-rc.3):
    - glog
  - React-NativeModulesApple (0.72.0-rc.3):
    - hermes-engine
    - React-callinvoker
    - React-Core
    - React-cxxreact
    - React-jsi
    - React-runtimeexecutor
    - ReactCommon/turbomodule/bridging
    - ReactCommon/turbomodule/core
  - React-perflogger (0.72.0-rc.3)
  - React-RCTActionSheet (0.72.0-rc.3):
    - React-Core/RCTActionSheetHeaders (= 0.72.0-rc.3)
  - React-RCTAnimation (0.72.0-rc.3):
    - RCT-Folly (= 2021.07.22.00)
    - RCTTypeSafety (= 0.72.0-rc.3)
    - React-Codegen (= 0.72.0-rc.3)
    - React-Core/RCTAnimationHeaders (= 0.72.0-rc.3)
    - React-jsi (= 0.72.0-rc.3)
    - ReactCommon/turbomodule/core (= 0.72.0-rc.3)
  - React-RCTAppDelegate (0.72.0-rc.3):
    - RCT-Folly
    - RCTRequired
    - RCTTypeSafety
    - React-Core
    - ReactCommon/turbomodule/core
  - React-RCTBlob (0.72.0-rc.3):
    - hermes-engine
    - RCT-Folly (= 2021.07.22.00)
    - React-Codegen (= 0.72.0-rc.3)
    - React-Core/RCTBlobHeaders (= 0.72.0-rc.3)
    - React-Core/RCTWebSocket (= 0.72.0-rc.3)
    - React-jsi (= 0.72.0-rc.3)
    - React-RCTNetwork (= 0.72.0-rc.3)
    - ReactCommon/turbomodule/core (= 0.72.0-rc.3)
  - React-RCTImage (0.72.0-rc.3):
    - RCT-Folly (= 2021.07.22.00)
    - RCTTypeSafety (= 0.72.0-rc.3)
    - React-Codegen (= 0.72.0-rc.3)
    - React-Core/RCTImageHeaders (= 0.72.0-rc.3)
    - React-jsi (= 0.72.0-rc.3)
    - React-RCTNetwork (= 0.72.0-rc.3)
    - ReactCommon/turbomodule/core (= 0.72.0-rc.3)
  - React-RCTLinking (0.72.0-rc.3):
    - React-Codegen (= 0.72.0-rc.3)
    - React-Core/RCTLinkingHeaders (= 0.72.0-rc.3)
    - React-jsi (= 0.72.0-rc.3)
    - ReactCommon/turbomodule/core (= 0.72.0-rc.3)
  - React-RCTNetwork (0.72.0-rc.3):
    - RCT-Folly (= 2021.07.22.00)
    - RCTTypeSafety (= 0.72.0-rc.3)
    - React-Codegen (= 0.72.0-rc.3)
    - React-Core/RCTNetworkHeaders (= 0.72.0-rc.3)
    - React-jsi (= 0.72.0-rc.3)
    - ReactCommon/turbomodule/core (= 0.72.0-rc.3)
  - React-RCTSettings (0.72.0-rc.3):
    - RCT-Folly (= 2021.07.22.00)
    - RCTTypeSafety (= 0.72.0-rc.3)
    - React-Codegen (= 0.72.0-rc.3)
    - React-Core/RCTSettingsHeaders (= 0.72.0-rc.3)
    - React-jsi (= 0.72.0-rc.3)
    - ReactCommon/turbomodule/core (= 0.72.0-rc.3)
  - React-RCTText (0.72.0-rc.3):
    - React-Core/RCTTextHeaders (= 0.72.0-rc.3)
  - React-RCTVibration (0.72.0-rc.3):
    - RCT-Folly (= 2021.07.22.00)
    - React-Codegen (= 0.72.0-rc.3)
    - React-Core/RCTVibrationHeaders (= 0.72.0-rc.3)
    - React-jsi (= 0.72.0-rc.3)
    - ReactCommon/turbomodule/core (= 0.72.0-rc.3)
  - React-rncore (0.72.0-rc.3)
  - React-runtimeexecutor (0.72.0-rc.3):
    - React-jsi (= 0.72.0-rc.3)
  - ReactCommon/turbomodule/bridging (0.72.0-rc.3):
    - DoubleConversion
    - glog
    - hermes-engine
    - RCT-Folly (= 2021.07.22.00)
    - React-callinvoker (= 0.72.0-rc.3)
    - React-cxxreact (= 0.72.0-rc.3)
    - React-jsi (= 0.72.0-rc.3)
    - React-logger (= 0.72.0-rc.3)
    - React-perflogger (= 0.72.0-rc.3)
  - ReactCommon/turbomodule/core (0.72.0-rc.3):
    - DoubleConversion
    - glog
    - hermes-engine
    - RCT-Folly (= 2021.07.22.00)
    - React-callinvoker (= 0.72.0-rc.3)
    - React-cxxreact (= 0.72.0-rc.3)
    - React-jsi (= 0.72.0-rc.3)
    - React-logger (= 0.72.0-rc.3)
    - React-perflogger (= 0.72.0-rc.3)
  - SDWebImage (5.15.8):
    - SDWebImage/Core (= 5.15.8)
  - SDWebImage/Core (5.15.8)
  - SDWebImageAVIFCoder (0.10.0):
    - libavif (>= 0.11.0)
    - SDWebImage (~> 5.10)
  - SDWebImageSVGCoder (1.6.1):
    - SDWebImage/Core (~> 5.6)
  - SDWebImageWebPCoder (0.9.1):
    - libwebp (~> 1.0)
    - SDWebImage/Core (~> 5.13)
  - SocketRocket (0.6.0)
  - Yoga (1.14.0)

DEPENDENCIES:
  - boost (from `../../../node_modules/react-native/third-party-podspecs/boost.podspec`)
  - DoubleConversion (from `../../../node_modules/react-native/third-party-podspecs/DoubleConversion.podspec`)
  - EXApplication (from `../../../packages/expo-application/ios`)
  - EXAV (from `../../../packages/expo-av/ios`)
  - EXCamera (from `../../../packages/expo-camera/ios`)
  - EXConstants (from `../../../packages/expo-constants/ios`)
  - EXFileSystem (from `../../../packages/expo-file-system/ios`)
  - EXFont (from `../../../packages/expo-font/ios`)
  - Expo (from `../../../packages/expo`)
  - ExpoAppleAuthentication (from `../../../packages/expo-apple-authentication/ios`)
  - ExpoBlur (from `../../../packages/expo-blur/ios`)
  - ExpoImage (from `../../../packages/expo-image/ios`)
  - ExpoKeepAwake (from `../../../packages/expo-keep-awake/ios`)
  - ExpoLinearGradient (from `../../../packages/expo-linear-gradient/ios`)
  - ExpoModulesCore (from `../../../packages/expo-modules-core`)
  - EXSplashScreen (from `../../../packages/expo-splash-screen/ios`)
  - FBLazyVector (from `../../../node_modules/react-native/Libraries/FBLazyVector`)
  - FBReactNativeSpec (from `../../../node_modules/react-native/React/FBReactNativeSpec`)
  - glog (from `../../../node_modules/react-native/third-party-podspecs/glog.podspec`)
  - hermes-engine (from `../../../node_modules/react-native/sdks/hermes-engine/hermes-engine.podspec`)
  - libevent (~> 2.1.12)
  - RCT-Folly (from `../../../node_modules/react-native/third-party-podspecs/RCT-Folly.podspec`)
  - RCTRequired (from `../../../node_modules/react-native/Libraries/RCTRequired`)
  - RCTTypeSafety (from `../../../node_modules/react-native/Libraries/TypeSafety`)
  - React (from `../../../node_modules/react-native/`)
  - React-callinvoker (from `../../../node_modules/react-native/ReactCommon/callinvoker`)
  - React-Codegen (from `build/generated/ios`)
  - React-Core (from `../../../node_modules/react-native/`)
  - React-Core/RCTWebSocket (from `../../../node_modules/react-native/`)
  - React-CoreModules (from `../../../node_modules/react-native/React/CoreModules`)
  - React-cxxreact (from `../../../node_modules/react-native/ReactCommon/cxxreact`)
  - React-hermes (from `../../../node_modules/react-native/ReactCommon/hermes`)
  - React-jsi (from `../../../node_modules/react-native/ReactCommon/jsi`)
  - React-jsiexecutor (from `../../../node_modules/react-native/ReactCommon/jsiexecutor`)
  - React-jsinspector (from `../../../node_modules/react-native/ReactCommon/jsinspector`)
  - React-logger (from `../../../node_modules/react-native/ReactCommon/logger`)
  - React-NativeModulesApple (from `../../../node_modules/react-native/ReactCommon/react/nativemodule/core/platform/ios`)
  - React-perflogger (from `../../../node_modules/react-native/ReactCommon/reactperflogger`)
  - React-RCTActionSheet (from `../../../node_modules/react-native/Libraries/ActionSheetIOS`)
  - React-RCTAnimation (from `../../../node_modules/react-native/Libraries/NativeAnimation`)
  - React-RCTAppDelegate (from `../../../node_modules/react-native/Libraries/AppDelegate`)
  - React-RCTBlob (from `../../../node_modules/react-native/Libraries/Blob`)
  - React-RCTImage (from `../../../node_modules/react-native/Libraries/Image`)
  - React-RCTLinking (from `../../../node_modules/react-native/Libraries/LinkingIOS`)
  - React-RCTNetwork (from `../../../node_modules/react-native/Libraries/Network`)
  - React-RCTSettings (from `../../../node_modules/react-native/Libraries/Settings`)
  - React-RCTText (from `../../../node_modules/react-native/Libraries/Text`)
  - React-RCTVibration (from `../../../node_modules/react-native/Libraries/Vibration`)
  - React-rncore (from `../../../node_modules/react-native/ReactCommon`)
  - React-runtimeexecutor (from `../../../node_modules/react-native/ReactCommon/runtimeexecutor`)
  - ReactCommon/turbomodule/core (from `../../../node_modules/react-native/ReactCommon`)
  - Yoga (from `../../../node_modules/react-native/ReactCommon/yoga`)

SPEC REPOS:
  trunk:
    - fmt
    - libaom
    - libavif
    - libevent
    - libvmaf
    - libwebp
    - SDWebImage
    - SDWebImageAVIFCoder
    - SDWebImageSVGCoder
    - SDWebImageWebPCoder
    - SocketRocket

EXTERNAL SOURCES:
  boost:
    :podspec: "../../../node_modules/react-native/third-party-podspecs/boost.podspec"
  DoubleConversion:
    :podspec: "../../../node_modules/react-native/third-party-podspecs/DoubleConversion.podspec"
  EXApplication:
    :path: "../../../packages/expo-application/ios"
  EXAV:
    :path: "../../../packages/expo-av/ios"
  EXCamera:
    :path: "../../../packages/expo-camera/ios"
  EXConstants:
    :path: "../../../packages/expo-constants/ios"
  EXFileSystem:
    :path: "../../../packages/expo-file-system/ios"
  EXFont:
    :path: "../../../packages/expo-font/ios"
  Expo:
    :path: "../../../packages/expo"
  ExpoAppleAuthentication:
    :path: "../../../packages/expo-apple-authentication/ios"
  ExpoBlur:
    :path: "../../../packages/expo-blur/ios"
  ExpoImage:
    :path: "../../../packages/expo-image/ios"
  ExpoKeepAwake:
    :path: "../../../packages/expo-keep-awake/ios"
  ExpoLinearGradient:
    :path: "../../../packages/expo-linear-gradient/ios"
  ExpoModulesCore:
    :path: "../../../packages/expo-modules-core"
  EXSplashScreen:
    :path: "../../../packages/expo-splash-screen/ios"
  FBLazyVector:
    :path: "../../../node_modules/react-native/Libraries/FBLazyVector"
  FBReactNativeSpec:
    :path: "../../../node_modules/react-native/React/FBReactNativeSpec"
  glog:
    :podspec: "../../../node_modules/react-native/third-party-podspecs/glog.podspec"
  hermes-engine:
    :podspec: "../../../node_modules/react-native/sdks/hermes-engine/hermes-engine.podspec"
    :tag: hermes-2023-03-20-RNv0.72.0-49794cfc7c81fb8f69fd60c3bbf85a7480cc5a77
  RCT-Folly:
    :podspec: "../../../node_modules/react-native/third-party-podspecs/RCT-Folly.podspec"
  RCTRequired:
    :path: "../../../node_modules/react-native/Libraries/RCTRequired"
  RCTTypeSafety:
    :path: "../../../node_modules/react-native/Libraries/TypeSafety"
  React:
    :path: "../../../node_modules/react-native/"
  React-callinvoker:
    :path: "../../../node_modules/react-native/ReactCommon/callinvoker"
  React-Codegen:
    :path: build/generated/ios
  React-Core:
    :path: "../../../node_modules/react-native/"
  React-CoreModules:
    :path: "../../../node_modules/react-native/React/CoreModules"
  React-cxxreact:
    :path: "../../../node_modules/react-native/ReactCommon/cxxreact"
  React-hermes:
    :path: "../../../node_modules/react-native/ReactCommon/hermes"
  React-jsi:
    :path: "../../../node_modules/react-native/ReactCommon/jsi"
  React-jsiexecutor:
    :path: "../../../node_modules/react-native/ReactCommon/jsiexecutor"
  React-jsinspector:
    :path: "../../../node_modules/react-native/ReactCommon/jsinspector"
  React-logger:
    :path: "../../../node_modules/react-native/ReactCommon/logger"
  React-NativeModulesApple:
    :path: "../../../node_modules/react-native/ReactCommon/react/nativemodule/core/platform/ios"
  React-perflogger:
    :path: "../../../node_modules/react-native/ReactCommon/reactperflogger"
  React-RCTActionSheet:
    :path: "../../../node_modules/react-native/Libraries/ActionSheetIOS"
  React-RCTAnimation:
    :path: "../../../node_modules/react-native/Libraries/NativeAnimation"
  React-RCTAppDelegate:
    :path: "../../../node_modules/react-native/Libraries/AppDelegate"
  React-RCTBlob:
    :path: "../../../node_modules/react-native/Libraries/Blob"
  React-RCTImage:
    :path: "../../../node_modules/react-native/Libraries/Image"
  React-RCTLinking:
    :path: "../../../node_modules/react-native/Libraries/LinkingIOS"
  React-RCTNetwork:
    :path: "../../../node_modules/react-native/Libraries/Network"
  React-RCTSettings:
    :path: "../../../node_modules/react-native/Libraries/Settings"
  React-RCTText:
    :path: "../../../node_modules/react-native/Libraries/Text"
  React-RCTVibration:
    :path: "../../../node_modules/react-native/Libraries/Vibration"
  React-rncore:
    :path: "../../../node_modules/react-native/ReactCommon"
  React-runtimeexecutor:
    :path: "../../../node_modules/react-native/ReactCommon/runtimeexecutor"
  ReactCommon:
    :path: "../../../node_modules/react-native/ReactCommon"
  Yoga:
    :path: "../../../node_modules/react-native/ReactCommon/yoga"

SPEC CHECKSUMS:
  boost: 57d2868c099736d80fcd648bf211b4431e51a558
  DoubleConversion: 5189b271737e1565bdce30deb4a08d647e3f5f54
  EXApplication: 45c662ace096520d412e8f2c956482c8ffac1436
  EXAV: c661e742e2ee1986f5a6a030b48d9d3a3507d2f0
  EXCamera: f231ff0f85e84dc6e8167f4a8e2881d2e4260e5c
  EXConstants: 29269f841ed8786d483b753021953264ac04818f
  EXFileSystem: 0b4a2c08c2dc92146849772145d61c1773144283
  EXFont: 6a9d36ba12a7156095a251097a5f7136f37f975b
  Expo: 0b569a9cefb602d6cb80633c990153ab921aa652
  ExpoAppleAuthentication: 7bdf1a2962ebfe9b00eb4183a17b78d736e57185
  ExpoBlur: 83186055c9c5c7ea564d04c6ed766ef7896889ed
  ExpoImage: 60f8d8182e8e13b5f5c2bb6bc860c933b2fe6c25
  ExpoKeepAwake: 6604830433e76ce03306b82054e634e81a6b9bbb
  ExpoLinearGradient: c206f987c810bf988b1896db8fa88db31b4687d6
  ExpoModulesCore: 2c69bc93f9a2b522bba0bc041ff9fd5d066c89ec
  EXSplashScreen: 8d00c7b625ec0f952a17ab685e1f03ac0e5c1795
  FBLazyVector: 8c4c09613fb6d3fab1241f1ecc171426bc3f2eb0
  FBReactNativeSpec: c0a597842575c67135886695cbb7cbc59c11a9d2
  fmt: ff9d55029c625d3757ed641535fd4a75fedc7ce9
  glog: 04b94705f318337d7ead9e6d17c019bd9b1f6b1b
  hermes-engine: fbde7af51e086177f9e5589b8ccb71af6dac8727
  libaom: 144606b1da4b5915a1054383c3a4459ccdb3c661
  libavif: 84bbb62fb232c3018d6f1bab79beea87e35de7b7
  libevent: 4049cae6c81cdb3654a443be001fb9bdceff7913
  libvmaf: 27f523f1e63c694d14d534cd0fddd2fab0ae8711
  libwebp: f62cb61d0a484ba548448a4bd52aabf150ff6eef
  RCT-Folly: 424b8c9a7a0b9ab2886ffe9c3b041ef628fd4fb1
  RCTRequired: 475d24740d2b7f3708bc1cf2ceda2fe197322d71
  RCTTypeSafety: 35de67ada3af6240460fef611e62ca58787298ea
  React: 5c5f33b8a4b95526867f75ac2488d329e038d4cb
  React-callinvoker: 07b9eb3a81ea3826ea3494f408a0303a1d5a6514
  React-Codegen: c6abcfd34c03605de5d03f7360adbf61e3199542
  React-Core: c1496e31be7e502843546713146e31efdfe756d1
  React-CoreModules: 203e515392364ebd1b829531aeec980f41c23d37
  React-cxxreact: 01f40add2bce73d623520038b252adbd919610d2
  React-hermes: 41b7f0b40ad694a61a79e45d34f9ab879218ce3a
  React-jsi: f5300fe48a2b63e4044c62dc4fce947f79b4da01
  React-jsiexecutor: 1f2ea220f94999e966d5f106f734d4fd384f21a7
  React-jsinspector: 7edbc8f9e4a52adc90a2b4904bcfb084b0fd610b
  React-logger: 8a71e32605ceebf504728b93c2d32dd3e0cd48e7
  React-NativeModulesApple: daff132eb7566cf37d989dcfede7e9aa596ee8e7
  React-perflogger: 693189a8460e7f056462a8ee2f5234f92d9fafbc
  React-RCTActionSheet: e20348de098d1a09226bac5f7ced5ba50074cafc
  React-RCTAnimation: ae43ddc40ecae89e37db9df0e6ee8789d9341da8
  React-RCTAppDelegate: 779a2f4004193ac55a9eb67054537d6b01a73dca
  React-RCTBlob: 4382b7443d0601b2fe80adb378479b4a0f336103
  React-RCTImage: 288cf708b22581c4ea8273b68f740db7b3d33aad
  React-RCTLinking: 86e041fa0d6504a3097003379366ac7ecbbec833
  React-RCTNetwork: cfd57322b7d4cd24dce459eca9807b35c8a8b53a
  React-RCTSettings: 2ece68f77600c4a92c712a71fa73fb1ea5ea57d6
  React-RCTText: f55f55ec006d372558298c640f9ccd51e07973b9
  React-RCTVibration: e54c0c1688c6889ef38c77e60335b9d5dc069403
  React-rncore: 2725df120832e3360a5720e8a2dcf61be1c58a1b
  React-runtimeexecutor: d6f826a648b18fd6dc307dae452f1e77f217e283
  ReactCommon: 849e916dc528c99018c12f4e5c5ef38dc2681bbc
  SDWebImage: cb032eba469c54e0000e78bcb0a13cdde0a52798
  SDWebImageAVIFCoder: 4aeea8fdf65af5c18525ecb5bdd8b8ed9bb45019
  SDWebImageSVGCoder: 6fc109f9c2a82ab44510fff410b88b1a6c271ee8
  SDWebImageWebPCoder: 18503de6621dd2c420d680e33d46bf8e1d5169b0
  SocketRocket: fccef3f9c5cedea1353a9ef6ada904fde10d6608
  Yoga: 6d37a6867a5577ebcd55eb9f4bb4d0a430ae0039

PODFILE CHECKSUM: 20782179061a782e40b259f8d159e09a842030c5

COCOAPODS: 1.12.1
